{
  "name": "data-copy",
  "lockfileVersion": 2,
  "requires": true,
  "packages": {
    "": {
      "dependencies": {
        "json-bufferify": "^0.2.2"
      }
    },
    "node_modules/json-bufferify": {
      "version": "0.2.2",
      "resolved": "https://registry.npmjs.org/json-bufferify/-/json-bufferify-0.2.2.tgz",
      "integrity": "sha512-uB7cqW21ZZnYf0Qy83PK57Z2PfOe6yA1pGUnN+wAzCPBE3Gc1eqytn5DUkPESwzkpyJoMwRVWZgRXTXRk1dONA=="
    }
  },
  "dependencies": {
    "json-bufferify": {
      "version": "0.2.2",
      "resolved": "https://registry.npmjs.org/json-bufferify/-/json-bufferify-0.2.2.tgz",
      "integrity": "sha512-uB7cqW21ZZnYf0Qy83PK57Z2PfOe6yA1pGUnN+wAzCPBE3Gc1eqytn5DUkPESwzkpyJoMwRVWZgRXTXRk1dONA=="
    }
  }
}
